{
  "name": "bookkeeping-mini",
  "version": "1.0.0",
  "lockfileVersion": 1,
  "requires": true,
  "dependencies": {
    "@miniprogram-component-plus/tabs": {
      "version": "1.0.0",
      "resolved": "https://registry.npmjs.org/@miniprogram-component-plus/tabs/-/tabs-1.0.0.tgz",
      "integrity": "sha512-oV9dFpIoYAz0IbDECS9toS1GHivWoAd1cchxeZKCBV3PoPCEipHOeXQS3K2USr7EY8LDyfg3f0tDAacPfagYjg=="
    },
    "jsbn": {
      "version": "1.1.0",
      "resolved": "https://registry.npmjs.org/jsbn/-/jsbn-1.1.0.tgz",
      "integrity": "sha1-sBMHyym2GKHtJux56RH4A8TaAEA="
    },
    "miniprogram-sm-crypto": {
      "version": "0.3.7",
      "resolved": "https://registry.npmjs.org/miniprogram-sm-crypto/-/miniprogram-sm-crypto-0.3.7.tgz",
      "integrity": "sha512-Z/zFOzLYu2PchP4/Klfcq+yG+K4+S0NHyOz3KlLmHohGms33BS45PBPLVschztlTAWHWZ066oKD6eIbibcc8OA==",
      "requires": {
        "jsbn": "^1.1.0"
      }
    },
    "weui-miniprogram": {
      "version": "1.2.3",
      "resolved": "https://registry.npmjs.org/weui-miniprogram/-/weui-miniprogram-1.2.3.tgz",
      "integrity": "sha512-PFlPKnIVTkt3CMrasTVKFEoDO4kfy1i3p4g8iU255ydZnxieGpHGa1d5gvVH9qpmxMPoIpjN57YoP/drLbJQrg=="
    }
  }
}
